
Microsoft Visual Studio Solution File, Format Version 12.00
# Visual Studio Version 17
VisualStudioVersion = 17.9.34728.123
MinimumVisualStudioVersion = 10.0.40219.1
Project("{9A19103F-16F7-4668-BE54-9A1E7A4F7556}") = "stin-backend", "stin-backend\stin-backend.csproj", "{AE1D6C6D-4D1D-4C0A-8C17-CA0621523AB8}"
EndProject
Project("{FAE04EC0-301F-11D3-BF4B-00C04F79EFBC}") = "Tests", "Tests\Tests.csproj", "{33594EAB-ED9C-4221-A6F2-370C1533F930}"
EndProject
Global
	GlobalSection(SolutionConfigurationPlatforms) = preSolution
		Debug|Any CPU = Debug|Any CPU
		Release|Any CPU = Release|Any CPU
	EndGlobalSection
	GlobalSection(ProjectConfigurationPlatforms) = postSolution
		{AE1D6C6D-4D1D-4C0A-8C17-CA0621523AB8}.Debug|Any CPU.ActiveCfg = Debug|Any CPU
		{AE1D6C6D-4D1D-4C0A-8C17-CA0621523AB8}.Debug|Any CPU.Build.0 = Debug|Any CPU
		{AE1D6C6D-4D1D-4C0A-8C17-CA0621523AB8}.Release|Any CPU.ActiveCfg = Release|Any CPU
		{AE1D6C6D-4D1D-4C0A-8C17-CA0621523AB8}.Release|Any CPU.Build.0 = Release|Any CPU
		{33594EAB-ED9C-4221-A6F2-370C1533F930}.Debug|Any CPU.ActiveCfg = Debug|Any CPU
		{33594EAB-ED9C-4221-A6F2-370C1533F930}.Debug|Any CPU.Build.0 = Debug|Any CPU
		{33594EAB-ED9C-4221-A6F2-370C1533F930}.Release|Any CPU.ActiveCfg = Release|Any CPU
		{33594EAB-ED9C-4221-A6F2-370C1533F930}.Release|Any CPU.Build.0 = Release|Any CPU
	EndGlobalSection
	GlobalSection(SolutionProperties) = preSolution
		HideSolutionNode = FALSE
	EndGlobalSection
	GlobalSection(ExtensibilityGlobals) = postSolution
		SolutionGuid = {4C345616-FA1B-49EF-9301-099CCA78A95C}
	EndGlobalSection
EndGlobal
